
Microsoft Visual Studio Solution File, Format Version 12.00
# Visual Studio Version 17
VisualStudioVersion = 17.8.34330.188
MinimumVisualStudioVersion = 10.0.40219.1
Project("{9A19103F-16F7-4668-BE54-9A1E7A4F7556}") = "DemoApi", "DemoApi\DemoApi.csproj", "{94138138-B488-4CD5-80ED-40E40134521D}"
EndProject
Project("{FAE04EC0-301F-11D3-BF4B-00C04F79EFBC}") = "TestProject", "TestProject\TestProject.csproj", "{D81668A1-21C2-44AA-A63C-5F7092CF198B}"
EndProject
Global
	GlobalSection(SolutionConfigurationPlatforms) = preSolution
		Debug|Any CPU = Debug|Any CPU
		Release|Any CPU = Release|Any CPU
	EndGlobalSection
	GlobalSection(ProjectConfigurationPlatforms) = postSolution
		{94138138-B488-4CD5-80ED-40E40134521D}.Debug|Any CPU.ActiveCfg = Debug|Any CPU
		{94138138-B488-4CD5-80ED-40E40134521D}.Debug|Any CPU.Build.0 = Debug|Any CPU
		{94138138-B488-4CD5-80ED-40E40134521D}.Release|Any CPU.ActiveCfg = Release|Any CPU
		{94138138-B488-4CD5-80ED-40E40134521D}.Release|Any CPU.Build.0 = Release|Any CPU
		{D81668A1-21C2-44AA-A63C-5F7092CF198B}.Debug|Any CPU.ActiveCfg = Debug|Any CPU
		{D81668A1-21C2-44AA-A63C-5F7092CF198B}.Debug|Any CPU.Build.0 = Debug|Any CPU
		{D81668A1-21C2-44AA-A63C-5F7092CF198B}.Release|Any CPU.ActiveCfg = Release|Any CPU
		{D81668A1-21C2-44AA-A63C-5F7092CF198B}.Release|Any CPU.Build.0 = Release|Any CPU
	EndGlobalSection
	GlobalSection(SolutionProperties) = preSolution
		HideSolutionNode = FALSE
	EndGlobalSection
	GlobalSection(ExtensibilityGlobals) = postSolution
		SolutionGuid = {473E3A1D-A6C3-45E9-8675-78CC3B64AFD1}
	EndGlobalSection
EndGlobal
